
Microsoft Visual Studio Solution File, Format Version 12.00
# Visual Studio Version 16
VisualStudioVersion = 16.0.31112.23
MinimumVisualStudioVersion = 10.0.40219.1
Project("{2150E333-8FDC-42A3-9474-1A3956D46DE8}") = "COMMON", "COMMON", "{B4A15BD0-5CC7-47B3-B88C-02840477CC0B}"
EndProject
Project("{FAE04EC0-301F-11D3-BF4B-00C04F79EFBC}") = "ProjectEntities", "ProjectEntities\ProjectEntities.csproj", "{5D28283C-E8AB-4F7C-A021-A63D566A9A06}"
EndProject
Project("{2150E333-8FDC-42A3-9474-1A3956D46DE8}") = "BLL", "BLL", "{D4F1169B-224E-4128-BA79-CA496C8F6917}"
EndProject
Project("{2150E333-8FDC-42A3-9474-1A3956D46DE8}") = "DAL", "DAL", "{0DF153AA-A208-491E-A358-3266FD1C036C}"
EndProject
Project("{FAE04EC0-301F-11D3-BF4B-00C04F79EFBC}") = "BL", "BL\BL.csproj", "{71EA1958-F6BD-479A-9D2F-D33D2B006DA8}"
	ProjectSection(ProjectDependencies) = postProject
		{A7E9C416-2A29-49D5-90A8-9B0B5A89B8FA} = {A7E9C416-2A29-49D5-90A8-9B0B5A89B8FA}
		{046F6A23-FBFE-44DE-89B6-9FB669EEE211} = {046F6A23-FBFE-44DE-89B6-9FB669EEE211}
		{5D28283C-E8AB-4F7C-A021-A63D566A9A06} = {5D28283C-E8AB-4F7C-A021-A63D566A9A06}
		{27A8DCFC-D321-4E1B-8B44-812385DC710D} = {27A8DCFC-D321-4E1B-8B44-812385DC710D}
	EndProjectSection
EndProject
Project("{FAE04EC0-301F-11D3-BF4B-00C04F79EFBC}") = "DAO", "DAO\DAO.csproj", "{A7E9C416-2A29-49D5-90A8-9B0B5A89B8FA}"
EndProject
Project("{2150E333-8FDC-42A3-9474-1A3956D46DE8}") = "PL", "PL", "{1308AA8B-F933-4B42-8651-D7510C0062A4}"
EndProject
Project("{FAE04EC0-301F-11D3-BF4B-00C04F79EFBC}") = "PL", "PL\PL.csproj", "{75DFCEBF-B3B1-4DCB-8B36-00ED92C31BEB}"
EndProject
Project("{FAE04EC0-301F-11D3-BF4B-00C04F79EFBC}") = "BL_Interface", "BL_Interface\BL_Interface.csproj", "{27A8DCFC-D321-4E1B-8B44-812385DC710D}"
	ProjectSection(ProjectDependencies) = postProject
		{A7E9C416-2A29-49D5-90A8-9B0B5A89B8FA} = {A7E9C416-2A29-49D5-90A8-9B0B5A89B8FA}
		{046F6A23-FBFE-44DE-89B6-9FB669EEE211} = {046F6A23-FBFE-44DE-89B6-9FB669EEE211}
		{5D28283C-E8AB-4F7C-A021-A63D566A9A06} = {5D28283C-E8AB-4F7C-A021-A63D566A9A06}
	EndProjectSection
EndProject
Project("{FAE04EC0-301F-11D3-BF4B-00C04F79EFBC}") = "ProjectTest", "ProjectTest\ProjectTest.csproj", "{E331A440-016B-45A7-86F0-F56622950E8B}"
EndProject
Project("{FAE04EC0-301F-11D3-BF4B-00C04F79EFBC}") = "DAO_Interface", "DAO_Interface\DAO_Interface.csproj", "{046F6A23-FBFE-44DE-89B6-9FB669EEE211}"
EndProject
Global
	GlobalSection(SolutionConfigurationPlatforms) = preSolution
		Debug|Any CPU = Debug|Any CPU
		Release|Any CPU = Release|Any CPU
	EndGlobalSection
	GlobalSection(ProjectConfigurationPlatforms) = postSolution
		{5D28283C-E8AB-4F7C-A021-A63D566A9A06}.Debug|Any CPU.ActiveCfg = Debug|Any CPU
		{5D28283C-E8AB-4F7C-A021-A63D566A9A06}.Debug|Any CPU.Build.0 = Debug|Any CPU
		{5D28283C-E8AB-4F7C-A021-A63D566A9A06}.Release|Any CPU.ActiveCfg = Release|Any CPU
		{5D28283C-E8AB-4F7C-A021-A63D566A9A06}.Release|Any CPU.Build.0 = Release|Any CPU
		{71EA1958-F6BD-479A-9D2F-D33D2B006DA8}.Debug|Any CPU.ActiveCfg = Debug|Any CPU
		{71EA1958-F6BD-479A-9D2F-D33D2B006DA8}.Debug|Any CPU.Build.0 = Debug|Any CPU
		{71EA1958-F6BD-479A-9D2F-D33D2B006DA8}.Release|Any CPU.ActiveCfg = Release|Any CPU
		{71EA1958-F6BD-479A-9D2F-D33D2B006DA8}.Release|Any CPU.Build.0 = Release|Any CPU
		{A7E9C416-2A29-49D5-90A8-9B0B5A89B8FA}.Debug|Any CPU.ActiveCfg = Debug|Any CPU
		{A7E9C416-2A29-49D5-90A8-9B0B5A89B8FA}.Debug|Any CPU.Build.0 = Debug|Any CPU
		{A7E9C416-2A29-49D5-90A8-9B0B5A89B8FA}.Release|Any CPU.ActiveCfg = Release|Any CPU
		{A7E9C416-2A29-49D5-90A8-9B0B5A89B8FA}.Release|Any CPU.Build.0 = Release|Any CPU
		{75DFCEBF-B3B1-4DCB-8B36-00ED92C31BEB}.Debug|Any CPU.ActiveCfg = Debug|Any CPU
		{75DFCEBF-B3B1-4DCB-8B36-00ED92C31BEB}.Debug|Any CPU.Build.0 = Debug|Any CPU
		{75DFCEBF-B3B1-4DCB-8B36-00ED92C31BEB}.Release|Any CPU.ActiveCfg = Release|Any CPU
		{75DFCEBF-B3B1-4DCB-8B36-00ED92C31BEB}.Release|Any CPU.Build.0 = Release|Any CPU
		{27A8DCFC-D321-4E1B-8B44-812385DC710D}.Debug|Any CPU.ActiveCfg = Debug|Any CPU
		{27A8DCFC-D321-4E1B-8B44-812385DC710D}.Debug|Any CPU.Build.0 = Debug|Any CPU
		{27A8DCFC-D321-4E1B-8B44-812385DC710D}.Release|Any CPU.ActiveCfg = Release|Any CPU
		{27A8DCFC-D321-4E1B-8B44-812385DC710D}.Release|Any CPU.Build.0 = Release|Any CPU
		{E331A440-016B-45A7-86F0-F56622950E8B}.Debug|Any CPU.ActiveCfg = Debug|Any CPU
		{E331A440-016B-45A7-86F0-F56622950E8B}.Debug|Any CPU.Build.0 = Debug|Any CPU
		{E331A440-016B-45A7-86F0-F56622950E8B}.Release|Any CPU.ActiveCfg = Release|Any CPU
		{E331A440-016B-45A7-86F0-F56622950E8B}.Release|Any CPU.Build.0 = Release|Any CPU
		{046F6A23-FBFE-44DE-89B6-9FB669EEE211}.Debug|Any CPU.ActiveCfg = Debug|Any CPU
		{046F6A23-FBFE-44DE-89B6-9FB669EEE211}.Debug|Any CPU.Build.0 = Debug|Any CPU
		{046F6A23-FBFE-44DE-89B6-9FB669EEE211}.Release|Any CPU.ActiveCfg = Release|Any CPU
		{046F6A23-FBFE-44DE-89B6-9FB669EEE211}.Release|Any CPU.Build.0 = Release|Any CPU
	EndGlobalSection
	GlobalSection(SolutionProperties) = preSolution
		HideSolutionNode = FALSE
	EndGlobalSection
	GlobalSection(NestedProjects) = preSolution
		{5D28283C-E8AB-4F7C-A021-A63D566A9A06} = {B4A15BD0-5CC7-47B3-B88C-02840477CC0B}
		{71EA1958-F6BD-479A-9D2F-D33D2B006DA8} = {D4F1169B-224E-4128-BA79-CA496C8F6917}
		{A7E9C416-2A29-49D5-90A8-9B0B5A89B8FA} = {0DF153AA-A208-491E-A358-3266FD1C036C}
		{75DFCEBF-B3B1-4DCB-8B36-00ED92C31BEB} = {1308AA8B-F933-4B42-8651-D7510C0062A4}
		{27A8DCFC-D321-4E1B-8B44-812385DC710D} = {D4F1169B-224E-4128-BA79-CA496C8F6917}
		{E331A440-016B-45A7-86F0-F56622950E8B} = {D4F1169B-224E-4128-BA79-CA496C8F6917}
		{046F6A23-FBFE-44DE-89B6-9FB669EEE211} = {0DF153AA-A208-491E-A358-3266FD1C036C}
	EndGlobalSection
	GlobalSection(ExtensibilityGlobals) = postSolution
		SolutionGuid = {E20BD7EA-71C5-487B-937A-161A61FC5CBA}
	EndGlobalSection
EndGlobal
